
Microsoft Visual Studio Solution File, Format Version 12.00
# Visual Studio Version 17
VisualStudioVersion = 17.0.32112.339
MinimumVisualStudioVersion = 10.0.40219.1
Project("{FAE04EC0-301F-11D3-BF4B-00C04F79EFBC}") = "SignalR", "Signal R\SignalR.csproj", "{A3CEC1C2-393B-4FC2-906F-4CF87A8E30BD}"
EndProject
Global
	GlobalSection(SolutionConfigurationPlatforms) = preSolution
		Debug|Any CPU = Debug|Any CPU
		Release|Any CPU = Release|Any CPU
	EndGlobalSection
	GlobalSection(ProjectConfigurationPlatforms) = postSolution
		{A3CEC1C2-393B-4FC2-906F-4CF87A8E30BD}.Debug|Any CPU.ActiveCfg = Debug|Any CPU
		{A3CEC1C2-393B-4FC2-906F-4CF87A8E30BD}.Debug|Any CPU.Build.0 = Debug|Any CPU
		{A3CEC1C2-393B-4FC2-906F-4CF87A8E30BD}.Release|Any CPU.ActiveCfg = Release|Any CPU
		{A3CEC1C2-393B-4FC2-906F-4CF87A8E30BD}.Release|Any CPU.Build.0 = Release|Any CPU
	EndGlobalSection
	GlobalSection(SolutionProperties) = preSolution
		HideSolutionNode = FALSE
	EndGlobalSection
	GlobalSection(ExtensibilityGlobals) = postSolution
		SolutionGuid = {0AFDB364-BAEE-445D-AB8A-DC45B2649D4D}
	EndGlobalSection
EndGlobal
